// !$*UTF8*$!
{
	archiveVersion = 1;
	classes = {
	};
	objectVersion = 48;
	objects = {

/* Begin PBXBuildFile section */
		C903F0D1204C6B5400BD911B /* TechnoBot.swift in Sources */ = {isa = PBXBuildFile; fileRef = C903F0C2204C6B5400BD911B /* TechnoBot.swift */; };
		C903F0D2204C6B5400BD911B /* TBReverbModifier.swift in Sources */ = {isa = PBXBuildFile; fileRef = C903F0C5204C6B5400BD911B /* TBReverbModifier.swift */; };
		C903F0D3204C6B5400BD911B /* TBDistortionModifier.swift in Sources */ = {isa = PBXBuildFile; fileRef = C903F0C6204C6B5400BD911B /* TBDistortionModifier.swift */; };
		C903F0D4204C6B5400BD911B /* TBAutomator.swift in Sources */ = {isa = PBXBuildFile; fileRef = C903F0C7204C6B5400BD911B /* TBAutomator.swift */; };
		C903F0D5204C6B5400BD911B /* TBSequencer.swift in Sources */ = {isa = PBXBuildFile; fileRef = C903F0C8204C6B5400BD911B /* TBSequencer.swift */; };
		C903F0D6204C6B5400BD911B /* TBAudioSystem.swift in Sources */ = {isa = PBXBuildFile; fileRef = C903F0C9204C6B5400BD911B /* TBAudioSystem.swift */; };
		C903F0D7204C6B5400BD911B /* TBAudioModifier.swift in Sources */ = {isa = PBXBuildFile; fileRef = C903F0CA204C6B5400BD911B /* TBAudioModifier.swift */; };
		C903F0D8204C6B5400BD911B /* TBAudioUnit.swift in Sources */ = {isa = PBXBuildFile; fileRef = C903F0CB204C6B5400BD911B /* TBAudioUnit.swift */; };
		C903F0D9204C6B5400BD911B /* TBModifierGroup.swift in Sources */ = {isa = PBXBuildFile; fileRef = C903F0CC204C6B5400BD911B /* TBModifierGroup.swift */; };
		C903F0DB204C6B5400BD911B /* TBBrain.swift in Sources */ = {isa = PBXBuildFile; fileRef = C903F0CF204C6B5400BD911B /* TBBrain.swift */; };
		C95875CA2090777400A2C09F /* i3-256.png in Resources */ = {isa = PBXBuildFile; fileRef = C95875C92090777400A2C09F /* i3-256.png */; };
		C95875CC2098E7B400A2C09F /* TBSection.swift in Sources */ = {isa = PBXBuildFile; fileRef = C95875CB2098E7B400A2C09F /* TBSection.swift */; };
		C9589F0F2083823600CB6B69 /* AudioKit.framework in Frameworks */ = {isa = PBXBuildFile; fileRef = C921E0A720837EE600EF97E9 /* AudioKit.framework */; };
		C9589F142083F11E00CB6B69 /* AudioKitUI.framework in Frameworks */ = {isa = PBXBuildFile; fileRef = C921E0A920837EE600EF97E9 /* AudioKitUI.framework */; };
		C977BB03208A9460009EACDD /* TBSampler.swift in Sources */ = {isa = PBXBuildFile; fileRef = C977BB02208A9460009EACDD /* TBSampler.swift */; };
		C977BB6A208C99FD009EACDD /* hat_01.wav in Resources */ = {isa = PBXBuildFile; fileRef = C977BB3D208C99FD009EACDD /* hat_01.wav */; };
		C977BB6B208C99FD009EACDD /* hat_03.wav in Resources */ = {isa = PBXBuildFile; fileRef = C977BB3E208C99FD009EACDD /* hat_03.wav */; };
		C977BB6C208C99FD009EACDD /* hat_02.wav in Resources */ = {isa = PBXBuildFile; fileRef = C977BB3F208C99FD009EACDD /* hat_02.wav */; };
		C977BB6D208C99FD009EACDD /* hat_06.wav in Resources */ = {isa = PBXBuildFile; fileRef = C977BB40208C99FD009EACDD /* hat_06.wav */; };
		C977BB6E208C99FD009EACDD /* hat_07.wav in Resources */ = {isa = PBXBuildFile; fileRef = C977BB41208C99FD009EACDD /* hat_07.wav */; };
		C977BB6F208C99FD009EACDD /* hat_05.wav in Resources */ = {isa = PBXBuildFile; fileRef = C977BB42208C99FD009EACDD /* hat_05.wav */; };
		C977BB70208C99FD009EACDD /* hat_04.wav in Resources */ = {isa = PBXBuildFile; fileRef = C977BB43208C99FD009EACDD /* hat_04.wav */; };
		C977BB71208C99FD009EACDD /* hat_08.wav in Resources */ = {isa = PBXBuildFile; fileRef = C977BB44208C99FD009EACDD /* hat_08.wav */; };
		C977BB72208C99FD009EACDD /* clap_01.wav in Resources */ = {isa = PBXBuildFile; fileRef = C977BB46208C99FD009EACDD /* clap_01.wav */; };
		C977BB73208C99FD009EACDD /* clap_02.wav in Resources */ = {isa = PBXBuildFile; fileRef = C977BB47208C99FD009EACDD /* clap_02.wav */; };
		C977BB74208C99FD009EACDD /* clap_03.wav in Resources */ = {isa = PBXBuildFile; fileRef = C977BB48208C99FD009EACDD /* clap_03.wav */; };
		C977BB75208C99FD009EACDD /* clap_04.wav in Resources */ = {isa = PBXBuildFile; fileRef = C977BB49208C99FD009EACDD /* clap_04.wav */; };
		C977BB76208C99FD009EACDD /* snare_01.wav in Resources */ = {isa = PBXBuildFile; fileRef = C977BB4B208C99FD009EACDD /* snare_01.wav */; };
		C977BB77208C99FD009EACDD /* snare_03.wav in Resources */ = {isa = PBXBuildFile; fileRef = C977BB4C208C99FD009EACDD /* snare_03.wav */; };
		C977BB78208C99FD009EACDD /* snare_02.wav in Resources */ = {isa = PBXBuildFile; fileRef = C977BB4D208C99FD009EACDD /* snare_02.wav */; };
		C977BB79208C99FD009EACDD /* snare_06.wav in Resources */ = {isa = PBXBuildFile; fileRef = C977BB4E208C99FD009EACDD /* snare_06.wav */; };
		C977BB7A208C99FD009EACDD /* snare_07.wav in Resources */ = {isa = PBXBuildFile; fileRef = C977BB4F208C99FD009EACDD /* snare_07.wav */; };
		C977BB7B208C99FD009EACDD /* snare_05.wav in Resources */ = {isa = PBXBuildFile; fileRef = C977BB50208C99FD009EACDD /* snare_05.wav */; };
		C977BB7C208C99FD009EACDD /* snare_04.wav in Resources */ = {isa = PBXBuildFile; fileRef = C977BB51208C99FD009EACDD /* snare_04.wav */; };
		C977BB7D208C99FD009EACDD /* snare_08.wav in Resources */ = {isa = PBXBuildFile; fileRef = C977BB52208C99FD009EACDD /* snare_08.wav */; };
		C977BB7E208C99FD009EACDD /* rim_02.wav in Resources */ = {isa = PBXBuildFile; fileRef = C977BB54208C99FD009EACDD /* rim_02.wav */; };
		C977BB7F208C99FD009EACDD /* rim_03.wav in Resources */ = {isa = PBXBuildFile; fileRef = C977BB55208C99FD009EACDD /* rim_03.wav */; };
		C977BB80208C99FD009EACDD /* rim_01.wav in Resources */ = {isa = PBXBuildFile; fileRef = C977BB56208C99FD009EACDD /* rim_01.wav */; };
		C977BB81208C99FD009EACDD /* rim_04.wav in Resources */ = {isa = PBXBuildFile; fileRef = C977BB57208C99FD009EACDD /* rim_04.wav */; };
		C977BB82208C99FD009EACDD /* kick_07.wav in Resources */ = {isa = PBXBuildFile; fileRef = C977BB59208C99FD009EACDD /* kick_07.wav */; };
		C977BB83208C99FD009EACDD /* kick_06.wav in Resources */ = {isa = PBXBuildFile; fileRef = C977BB5A208C99FD009EACDD /* kick_06.wav */; };
		C977BB84208C99FD009EACDD /* kick_04.wav in Resources */ = {isa = PBXBuildFile; fileRef = C977BB5B208C99FD009EACDD /* kick_04.wav */; };
		C977BB85208C99FD009EACDD /* kick_05.wav in Resources */ = {isa = PBXBuildFile; fileRef = C977BB5C208C99FD009EACDD /* kick_05.wav */; };
		C977BB86208C99FD009EACDD /* kick_01.wav in Resources */ = {isa = PBXBuildFile; fileRef = C977BB5D208C99FD009EACDD /* kick_01.wav */; };
		C977BB87208C99FD009EACDD /* kick_02.wav in Resources */ = {isa = PBXBuildFile; fileRef = C977BB5E208C99FD009EACDD /* kick_02.wav */; };
		C977BB88208C99FD009EACDD /* kick_03.wav in Resources */ = {isa = PBXBuildFile; fileRef = C977BB5F208C99FD009EACDD /* kick_03.wav */; };
		C977BB89208C99FD009EACDD /* kick_08.wav in Resources */ = {isa = PBXBuildFile; fileRef = C977BB60208C99FD009EACDD /* kick_08.wav */; };
		C977BB8A208C99FD009EACDD /* perc_07.wav in Resources */ = {isa = PBXBuildFile; fileRef = C977BB62208C99FD009EACDD /* perc_07.wav */; };
		C977BB8B208C99FD009EACDD /* perc_06.wav in Resources */ = {isa = PBXBuildFile; fileRef = C977BB63208C99FD009EACDD /* perc_06.wav */; };
		C977BB8C208C99FD009EACDD /* perc_04.wav in Resources */ = {isa = PBXBuildFile; fileRef = C977BB64208C99FD009EACDD /* perc_04.wav */; };
		C977BB8D208C99FD009EACDD /* perc_05.wav in Resources */ = {isa = PBXBuildFile; fileRef = C977BB65208C99FD009EACDD /* perc_05.wav */; };
		C977BB8E208C99FD009EACDD /* perc_01.wav in Resources */ = {isa = PBXBuildFile; fileRef = C977BB66208C99FD009EACDD /* perc_01.wav */; };
		C977BB8F208C99FD009EACDD /* perc_02.wav in Resources */ = {isa = PBXBuildFile; fileRef = C977BB67208C99FD009EACDD /* perc_02.wav */; };
		C977BB90208C99FD009EACDD /* perc_03.wav in Resources */ = {isa = PBXBuildFile; fileRef = C977BB68208C99FD009EACDD /* perc_03.wav */; };
		C977BB91208C99FD009EACDD /* perc_08.wav in Resources */ = {isa = PBXBuildFile; fileRef = C977BB69208C99FD009EACDD /* perc_08.wav */; };
		C98512D2202E14EC00D8AE0B /* AppDelegate.swift in Sources */ = {isa = PBXBuildFile; fileRef = C98512D1202E14EC00D8AE0B /* AppDelegate.swift */; };
		C98512D4202E14EC00D8AE0B /* ViewController.swift in Sources */ = {isa = PBXBuildFile; fileRef = C98512D3202E14EC00D8AE0B /* ViewController.swift */; };
		C98512D6202E14EC00D8AE0B /* Assets.xcassets in Resources */ = {isa = PBXBuildFile; fileRef = C98512D5202E14EC00D8AE0B /* Assets.xcassets */; };
		C98512D9202E14EC00D8AE0B /* Main.storyboard in Resources */ = {isa = PBXBuildFile; fileRef = C98512D7202E14EC00D8AE0B /* Main.storyboard */; };
		C99A531620A06B2500A1B638 /* TBPhaserModifier.swift in Sources */ = {isa = PBXBuildFile; fileRef = C99A531520A06B2500A1B638 /* TBPhaserModifier.swift */; };
		C99A531820A06D4700A1B638 /* TBDelayModifier.swift in Sources */ = {isa = PBXBuildFile; fileRef = C99A531720A06D4700A1B638 /* TBDelayModifier.swift */; };
		C9CD2517204FDD3A00DA7B6B /* TBFactory.swift in Sources */ = {isa = PBXBuildFile; fileRef = C9CD2516204FDD3A00DA7B6B /* TBFactory.swift */; };
		C9CD251A204FDDB700DA7B6B /* TBFMSynthesiser.swift in Sources */ = {isa = PBXBuildFile; fileRef = C9CD2519204FDDB700DA7B6B /* TBFMSynthesiser.swift */; };
		C9CD251C204FDDC400DA7B6B /* TBInstrument.swift in Sources */ = {isa = PBXBuildFile; fileRef = C9CD251B204FDDC400DA7B6B /* TBInstrument.swift */; };
/* End PBXBuildFile section */

/* Begin PBXContainerItemProxy section */
		C921E0A620837EE600EF97E9 /* PBXContainerItemProxy */ = {
			isa = PBXContainerItemProxy;
			containerPortal = C921E0A120837EE600EF97E9 /* AudioKit For macOS.xcodeproj */;
			proxyType = 2;
			remoteGlobalIDString = C42F36CC1C0582E6000E937C;
			remoteInfo = AudioKit;
		};
		C921E0A820837EE600EF97E9 /* PBXContainerItemProxy */ = {
			isa = PBXContainerItemProxy;
			containerPortal = C921E0A120837EE600EF97E9 /* AudioKit For macOS.xcodeproj */;
			proxyType = 2;
			remoteGlobalIDString = EAFECEBD1F4EBBFE00A2B046;
			remoteInfo = AudioKitUI;
		};
/* End PBXContainerItemProxy section */

/* Begin PBXCopyFilesBuildPhase section */
		C921E07520837AE700EF97E9 /* Embed Frameworks */ = {
			isa = PBXCopyFilesBuildPhase;
			buildActionMask = 2147483647;
			dstPath = "";
			dstSubfolderSpec = 10;
			files = (
			);
			name = "Embed Frameworks";
			runOnlyForDeploymentPostprocessing = 0;
		};
/* End PBXCopyFilesBuildPhase section */

/* Begin PBXFileReference section */
		C903F0C2204C6B5400BD911B /* TechnoBot.swift */ = {isa = PBXFileReference; fileEncoding = 4; lastKnownFileType = sourcecode.swift; path = TechnoBot.swift; sourceTree = "<group>"; };
		C903F0C5204C6B5400BD911B /* TBReverbModifier.swift */ = {isa = PBXFileReference; fileEncoding = 4; lastKnownFileType = sourcecode.swift; path = TBReverbModifier.swift; sourceTree = "<group>"; };
		C903F0C6204C6B5400BD911B /* TBDistortionModifier.swift */ = {isa = PBXFileReference; fileEncoding = 4; lastKnownFileType = sourcecode.swift; path = TBDistortionModifier.swift; sourceTree = "<group>"; };
		C903F0C7204C6B5400BD911B /* TBAutomator.swift */ = {isa = PBXFileReference; fileEncoding = 4; lastKnownFileType = sourcecode.swift; path = TBAutomator.swift; sourceTree = "<group>"; };
		C903F0C8204C6B5400BD911B /* TBSequencer.swift */ = {isa = PBXFileReference; fileEncoding = 4; lastKnownFileType = sourcecode.swift; path = TBSequencer.swift; sourceTree = "<group>"; };
		C903F0C9204C6B5400BD911B /* TBAudioSystem.swift */ = {isa = PBXFileReference; fileEncoding = 4; lastKnownFileType = sourcecode.swift; path = TBAudioSystem.swift; sourceTree = "<group>"; };
		C903F0CA204C6B5400BD911B /* TBAudioModifier.swift */ = {isa = PBXFileReference; fileEncoding = 4; lastKnownFileType = sourcecode.swift; path = TBAudioModifier.swift; sourceTree = "<group>"; };
		C903F0CB204C6B5400BD911B /* TBAudioUnit.swift */ = {isa = PBXFileReference; fileEncoding = 4; lastKnownFileType = sourcecode.swift; path = TBAudioUnit.swift; sourceTree = "<group>"; };
		C903F0CC204C6B5400BD911B /* TBModifierGroup.swift */ = {isa = PBXFileReference; fileEncoding = 4; lastKnownFileType = sourcecode.swift; path = TBModifierGroup.swift; sourceTree = "<group>"; };
		C903F0CF204C6B5400BD911B /* TBBrain.swift */ = {isa = PBXFileReference; fileEncoding = 4; lastKnownFileType = sourcecode.swift; path = TBBrain.swift; sourceTree = "<group>"; };
		C921E0A120837EE600EF97E9 /* AudioKit For macOS.xcodeproj */ = {isa = PBXFileReference; lastKnownFileType = "wrapper.pb-project"; name = "AudioKit For macOS.xcodeproj"; path = "../../../../Downloads/AudioKit-master/AudioKit/macOS/AudioKit For macOS.xcodeproj"; sourceTree = "<group>"; };
		C95875C92090777400A2C09F /* i3-256.png */ = {isa = PBXFileReference; lastKnownFileType = image.png; path = "i3-256.png"; sourceTree = "<group>"; };
		C95875CB2098E7B400A2C09F /* TBSection.swift */ = {isa = PBXFileReference; lastKnownFileType = sourcecode.swift; path = TBSection.swift; sourceTree = "<group>"; };
		C977BB02208A9460009EACDD /* TBSampler.swift */ = {isa = PBXFileReference; lastKnownFileType = sourcecode.swift; path = TBSampler.swift; sourceTree = "<group>"; };
		C977BB3D208C99FD009EACDD /* hat_01.wav */ = {isa = PBXFileReference; lastKnownFileType = audio.wav; path = hat_01.wav; sourceTree = "<group>"; };
		C977BB3E208C99FD009EACDD /* hat_03.wav */ = {isa = PBXFileReference; lastKnownFileType = audio.wav; path = hat_03.wav; sourceTree = "<group>"; };
		C977BB3F208C99FD009EACDD /* hat_02.wav */ = {isa = PBXFileReference; lastKnownFileType = audio.wav; path = hat_02.wav; sourceTree = "<group>"; };
		C977BB40208C99FD009EACDD /* hat_06.wav */ = {isa = PBXFileReference; lastKnownFileType = audio.wav; path = hat_06.wav; sourceTree = "<group>"; };
		C977BB41208C99FD009EACDD /* hat_07.wav */ = {isa = PBXFileReference; lastKnownFileType = audio.wav; path = hat_07.wav; sourceTree = "<group>"; };
		C977BB42208C99FD009EACDD /* hat_05.wav */ = {isa = PBXFileReference; lastKnownFileType = audio.wav; path = hat_05.wav; sourceTree = "<group>"; };
		C977BB43208C99FD009EACDD /* hat_04.wav */ = {isa = PBXFileReference; lastKnownFileType = audio.wav; path = hat_04.wav; sourceTree = "<group>"; };
		C977BB44208C99FD009EACDD /* hat_08.wav */ = {isa = PBXFileReference; lastKnownFileType = audio.wav; path = hat_08.wav; sourceTree = "<group>"; };
		C977BB46208C99FD009EACDD /* clap_01.wav */ = {isa = PBXFileReference; lastKnownFileType = audio.wav; path = clap_01.wav; sourceTree = "<group>"; };
		C977BB47208C99FD009EACDD /* clap_02.wav */ = {isa = PBXFileReference; lastKnownFileType = audio.wav; path = clap_02.wav; sourceTree = "<group>"; };
		C977BB48208C99FD009EACDD /* clap_03.wav */ = {isa = PBXFileReference; lastKnownFileType = audio.wav; path = clap_03.wav; sourceTree = "<group>"; };
		C977BB49208C99FD009EACDD /* clap_04.wav */ = {isa = PBXFileReference; lastKnownFileType = audio.wav; path = clap_04.wav; sourceTree = "<group>"; };
		C977BB4B208C99FD009EACDD /* snare_01.wav */ = {isa = PBXFileReference; lastKnownFileType = audio.wav; path = snare_01.wav; sourceTree = "<group>"; };
		C977BB4C208C99FD009EACDD /* snare_03.wav */ = {isa = PBXFileReference; lastKnownFileType = audio.wav; path = snare_03.wav; sourceTree = "<group>"; };
		C977BB4D208C99FD009EACDD /* snare_02.wav */ = {isa = PBXFileReference; lastKnownFileType = audio.wav; path = snare_02.wav; sourceTree = "<group>"; };
		C977BB4E208C99FD009EACDD /* snare_06.wav */ = {isa = PBXFileReference; lastKnownFileType = audio.wav; path = snare_06.wav; sourceTree = "<group>"; };
		C977BB4F208C99FD009EACDD /* snare_07.wav */ = {isa = PBXFileReference; lastKnownFileType = audio.wav; path = snare_07.wav; sourceTree = "<group>"; };
		C977BB50208C99FD009EACDD /* snare_05.wav */ = {isa = PBXFileReference; lastKnownFileType = audio.wav; path = snare_05.wav; sourceTree = "<group>"; };
		C977BB51208C99FD009EACDD /* snare_04.wav */ = {isa = PBXFileReference; lastKnownFileType = audio.wav; path = snare_04.wav; sourceTree = "<group>"; };
		C977BB52208C99FD009EACDD /* snare_08.wav */ = {isa = PBXFileReference; lastKnownFileType = audio.wav; path = snare_08.wav; sourceTree = "<group>"; };
		C977BB54208C99FD009EACDD /* rim_02.wav */ = {isa = PBXFileReference; lastKnownFileType = audio.wav; path = rim_02.wav; sourceTree = "<group>"; };
		C977BB55208C99FD009EACDD /* rim_03.wav */ = {isa = PBXFileReference; lastKnownFileType = audio.wav; path = rim_03.wav; sourceTree = "<group>"; };
		C977BB56208C99FD009EACDD /* rim_01.wav */ = {isa = PBXFileReference; lastKnownFileType = audio.wav; path = rim_01.wav; sourceTree = "<group>"; };
		C977BB57208C99FD009EACDD /* rim_04.wav */ = {isa = PBXFileReference; lastKnownFileType = audio.wav; path = rim_04.wav; sourceTree = "<group>"; };
		C977BB59208C99FD009EACDD /* kick_07.wav */ = {isa = PBXFileReference; lastKnownFileType = audio.wav; path = kick_07.wav; sourceTree = "<group>"; };
		C977BB5A208C99FD009EACDD /* kick_06.wav */ = {isa = PBXFileReference; lastKnownFileType = audio.wav; path = kick_06.wav; sourceTree = "<group>"; };
		C977BB5B208C99FD009EACDD /* kick_04.wav */ = {isa = PBXFileReference; lastKnownFileType = audio.wav; path = kick_04.wav; sourceTree = "<group>"; };
		C977BB5C208C99FD009EACDD /* kick_05.wav */ = {isa = PBXFileReference; lastKnownFileType = audio.wav; path = kick_05.wav; sourceTree = "<group>"; };
		C977BB5D208C99FD009EACDD /* kick_01.wav */ = {isa = PBXFileReference; lastKnownFileType = audio.wav; path = kick_01.wav; sourceTree = "<group>"; };
		C977BB5E208C99FD009EACDD /* kick_02.wav */ = {isa = PBXFileReference; lastKnownFileType = audio.wav; path = kick_02.wav; sourceTree = "<group>"; };
		C977BB5F208C99FD009EACDD /* kick_03.wav */ = {isa = PBXFileReference; lastKnownFileType = audio.wav; path = kick_03.wav; sourceTree = "<group>"; };
		C977BB60208C99FD009EACDD /* kick_08.wav */ = {isa = PBXFileReference; lastKnownFileType = audio.wav; path = kick_08.wav; sourceTree = "<group>"; };
		C977BB62208C99FD009EACDD /* perc_07.wav */ = {isa = PBXFileReference; lastKnownFileType = audio.wav; path = perc_07.wav; sourceTree = "<group>"; };
		C977BB63208C99FD009EACDD /* perc_06.wav */ = {isa = PBXFileReference; lastKnownFileType = audio.wav; path = perc_06.wav; sourceTree = "<group>"; };
		C977BB64208C99FD009EACDD /* perc_04.wav */ = {isa = PBXFileReference; lastKnownFileType = audio.wav; path = perc_04.wav; sourceTree = "<group>"; };
		C977BB65208C99FD009EACDD /* perc_05.wav */ = {isa = PBXFileReference; lastKnownFileType = audio.wav; path = perc_05.wav; sourceTree = "<group>"; };
		C977BB66208C99FD009EACDD /* perc_01.wav */ = {isa = PBXFileReference; lastKnownFileType = audio.wav; path = perc_01.wav; sourceTree = "<group>"; };
		C977BB67208C99FD009EACDD /* perc_02.wav */ = {isa = PBXFileReference; lastKnownFileType = audio.wav; path = perc_02.wav; sourceTree = "<group>"; };
		C977BB68208C99FD009EACDD /* perc_03.wav */ = {isa = PBXFileReference; lastKnownFileType = audio.wav; path = perc_03.wav; sourceTree = "<group>"; };
		C977BB69208C99FD009EACDD /* perc_08.wav */ = {isa = PBXFileReference; lastKnownFileType = audio.wav; path = perc_08.wav; sourceTree = "<group>"; };
		C98512CE202E14EC00D8AE0B /* TechnoBot.app */ = {isa = PBXFileReference; explicitFileType = wrapper.application; includeInIndex = 0; path = TechnoBot.app; sourceTree = BUILT_PRODUCTS_DIR; };
		C98512D1202E14EC00D8AE0B /* AppDelegate.swift */ = {isa = PBXFileReference; lastKnownFileType = sourcecode.swift; path = AppDelegate.swift; sourceTree = "<group>"; };
		C98512D3202E14EC00D8AE0B /* ViewController.swift */ = {isa = PBXFileReference; lastKnownFileType = sourcecode.swift; path = ViewController.swift; sourceTree = "<group>"; };
		C98512D5202E14EC00D8AE0B /* Assets.xcassets */ = {isa = PBXFileReference; lastKnownFileType = folder.assetcatalog; path = Assets.xcassets; sourceTree = "<group>"; };
		C98512D8202E14EC00D8AE0B /* Base */ = {isa = PBXFileReference; lastKnownFileType = file.storyboard; name = Base; path = Base.lproj/Main.storyboard; sourceTree = "<group>"; };
		C98512DA202E14EC00D8AE0B /* Info.plist */ = {isa = PBXFileReference; lastKnownFileType = text.plist.xml; path = Info.plist; sourceTree = "<group>"; };
		C98512DB202E14EC00D8AE0B /* TechnoBot.entitlements */ = {isa = PBXFileReference; lastKnownFileType = text.plist.entitlements; path = TechnoBot.entitlements; sourceTree = "<group>"; };
		C99A531520A06B2500A1B638 /* TBPhaserModifier.swift */ = {isa = PBXFileReference; lastKnownFileType = sourcecode.swift; path = TBPhaserModifier.swift; sourceTree = "<group>"; };
		C99A531720A06D4700A1B638 /* TBDelayModifier.swift */ = {isa = PBXFileReference; lastKnownFileType = sourcecode.swift; path = TBDelayModifier.swift; sourceTree = "<group>"; };
		C9CD2516204FDD3A00DA7B6B /* TBFactory.swift */ = {isa = PBXFileReference; lastKnownFileType = sourcecode.swift; path = TBFactory.swift; sourceTree = "<group>"; };
		C9CD2519204FDDB700DA7B6B /* TBFMSynthesiser.swift */ = {isa = PBXFileReference; lastKnownFileType = sourcecode.swift; path = TBFMSynthesiser.swift; sourceTree = "<group>"; };
		C9CD251B204FDDC400DA7B6B /* TBInstrument.swift */ = {isa = PBXFileReference; lastKnownFileType = sourcecode.swift; path = TBInstrument.swift; sourceTree = "<group>"; };
/* End PBXFileReference section */

/* Begin PBXFrameworksBuildPhase section */
		C98512CB202E14EC00D8AE0B /* Frameworks */ = {
			isa = PBXFrameworksBuildPhase;
			buildActionMask = 2147483647;
			files = (
				C9589F142083F11E00CB6B69 /* AudioKitUI.framework in Frameworks */,
				C9589F0F2083823600CB6B69 /* AudioKit.framework in Frameworks */,
			);
			runOnlyForDeploymentPostprocessing = 0;
		};
/* End PBXFrameworksBuildPhase section */

/* Begin PBXGroup section */
		C903F0C1204C6B5400BD911B /* TBCore */ = {
			isa = PBXGroup;
			children = (
				C903F0C2204C6B5400BD911B /* TechnoBot.swift */,
				C903F0CF204C6B5400BD911B /* TBBrain.swift */,
				C903F0C3204C6B5400BD911B /* TBAudioSystem */,
			);
			path = TBCore;
			sourceTree = "<group>";
		};
		C903F0C3204C6B5400BD911B /* TBAudioSystem */ = {
			isa = PBXGroup;
			children = (
				C9CD2518204FDDA800DA7B6B /* Instruments */,
				C9CD2515204FDD2B00DA7B6B /* Factories */,
				C903F0C4204C6B5400BD911B /* Modifiers */,
				C903F0C7204C6B5400BD911B /* TBAutomator.swift */,
				C903F0C8204C6B5400BD911B /* TBSequencer.swift */,
				C903F0C9204C6B5400BD911B /* TBAudioSystem.swift */,
				C903F0CB204C6B5400BD911B /* TBAudioUnit.swift */,
				C903F0CC204C6B5400BD911B /* TBModifierGroup.swift */,
				C95875CB2098E7B400A2C09F /* TBSection.swift */,
			);
			path = TBAudioSystem;
			sourceTree = "<group>";
		};
		C903F0C4204C6B5400BD911B /* Modifiers */ = {
			isa = PBXGroup;
			children = (
				C903F0CA204C6B5400BD911B /* TBAudioModifier.swift */,
				C903F0C5204C6B5400BD911B /* TBReverbModifier.swift */,
				C903F0C6204C6B5400BD911B /* TBDistortionModifier.swift */,
				C99A531520A06B2500A1B638 /* TBPhaserModifier.swift */,
				C99A531720A06D4700A1B638 /* TBDelayModifier.swift */,
			);
			path = Modifiers;
			sourceTree = "<group>";
		};
		C921E0A220837EE600EF97E9 /* Products */ = {
			isa = PBXGroup;
			children = (
				C921E0A720837EE600EF97E9 /* AudioKit.framework */,
				C921E0A920837EE600EF97E9 /* AudioKitUI.framework */,
			);
			name = Products;
			sourceTree = "<group>";
		};
		C95875C82090773700A2C09F /* Images */ = {
			isa = PBXGroup;
			children = (
				C95875C92090777400A2C09F /* i3-256.png */,
			);
			path = Images;
			sourceTree = "<group>";
		};
		C9589F0C2083823600CB6B69 /* Frameworks */ = {
			isa = PBXGroup;
			children = (
			);
			name = Frameworks;
			sourceTree = "<group>";
		};
		C977BB3A208C99FD009EACDD /* Resources */ = {
			isa = PBXGroup;
			children = (
				C95875C82090773700A2C09F /* Images */,
				C977BB3B208C99FD009EACDD /* Samples */,
			);
			path = Resources;
			sourceTree = "<group>";
		};
		C977BB3B208C99FD009EACDD /* Samples */ = {
			isa = PBXGroup;
			children = (
				C977BB3C208C99FD009EACDD /* Hats */,
				C977BB45208C99FD009EACDD /* Claps */,
				C977BB4A208C99FD009EACDD /* Snares */,
				C977BB53208C99FD009EACDD /* Rims */,
				C977BB58208C99FD009EACDD /* Kicks */,
				C977BB61208C99FD009EACDD /* Percussion_other */,
			);
			path = Samples;
			sourceTree = "<group>";
		};
		C977BB3C208C99FD009EACDD /* Hats */ = {
			isa = PBXGroup;
			children = (
				C977BB3D208C99FD009EACDD /* hat_01.wav */,
				C977BB3E208C99FD009EACDD /* hat_03.wav */,
				C977BB3F208C99FD009EACDD /* hat_02.wav */,
				C977BB40208C99FD009EACDD /* hat_06.wav */,
				C977BB41208C99FD009EACDD /* hat_07.wav */,
				C977BB42208C99FD009EACDD /* hat_05.wav */,
				C977BB43208C99FD009EACDD /* hat_04.wav */,
				C977BB44208C99FD009EACDD /* hat_08.wav */,
			);
			path = Hats;
			sourceTree = "<group>";
		};
		C977BB45208C99FD009EACDD /* Claps */ = {
			isa = PBXGroup;
			children = (
				C977BB46208C99FD009EACDD /* clap_01.wav */,
				C977BB47208C99FD009EACDD /* clap_02.wav */,
				C977BB48208C99FD009EACDD /* clap_03.wav */,
				C977BB49208C99FD009EACDD /* clap_04.wav */,
			);
			path = Claps;
			sourceTree = "<group>";
		};
		C977BB4A208C99FD009EACDD /* Snares */ = {
			isa = PBXGroup;
			children = (
				C977BB4B208C99FD009EACDD /* snare_01.wav */,
				C977BB4C208C99FD009EACDD /* snare_03.wav */,
				C977BB4D208C99FD009EACDD /* snare_02.wav */,
				C977BB4E208C99FD009EACDD /* snare_06.wav */,
				C977BB4F208C99FD009EACDD /* snare_07.wav */,
				C977BB50208C99FD009EACDD /* snare_05.wav */,
				C977BB51208C99FD009EACDD /* snare_04.wav */,
				C977BB52208C99FD009EACDD /* snare_08.wav */,
			);
			path = Snares;
			sourceTree = "<group>";
		};
		C977BB53208C99FD009EACDD /* Rims */ = {
			isa = PBXGroup;
			children = (
				C977BB54208C99FD009EACDD /* rim_02.wav */,
				C977BB55208C99FD009EACDD /* rim_03.wav */,
				C977BB56208C99FD009EACDD /* rim_01.wav */,
				C977BB57208C99FD009EACDD /* rim_04.wav */,
			);
			path = Rims;
			sourceTree = "<group>";
		};
		C977BB58208C99FD009EACDD /* Kicks */ = {
			isa = PBXGroup;
			children = (
				C977BB59208C99FD009EACDD /* kick_07.wav */,
				C977BB5A208C99FD009EACDD /* kick_06.wav */,
				C977BB5B208C99FD009EACDD /* kick_04.wav */,
				C977BB5C208C99FD009EACDD /* kick_05.wav */,
				C977BB5D208C99FD009EACDD /* kick_01.wav */,
				C977BB5E208C99FD009EACDD /* kick_02.wav */,
				C977BB5F208C99FD009EACDD /* kick_03.wav */,
				C977BB60208C99FD009EACDD /* kick_08.wav */,
			);
			path = Kicks;
			sourceTree = "<group>";
		};
		C977BB61208C99FD009EACDD /* Percussion_other */ = {
			isa = PBXGroup;
			children = (
				C977BB62208C99FD009EACDD /* perc_07.wav */,
				C977BB63208C99FD009EACDD /* perc_06.wav */,
				C977BB64208C99FD009EACDD /* perc_04.wav */,
				C977BB65208C99FD009EACDD /* perc_05.wav */,
				C977BB66208C99FD009EACDD /* perc_01.wav */,
				C977BB67208C99FD009EACDD /* perc_02.wav */,
				C977BB68208C99FD009EACDD /* perc_03.wav */,
				C977BB69208C99FD009EACDD /* perc_08.wav */,
			);
			path = Percussion_other;
			sourceTree = "<group>";
		};
		C98512C5202E14EC00D8AE0B = {
			isa = PBXGroup;
			children = (
				C921E0A120837EE600EF97E9 /* AudioKit For macOS.xcodeproj */,
				C98512D0202E14EC00D8AE0B /* TechnoBot */,
				C98512CF202E14EC00D8AE0B /* Products */,
				C9589F0C2083823600CB6B69 /* Frameworks */,
			);
			sourceTree = "<group>";
		};
		C98512CF202E14EC00D8AE0B /* Products */ = {
			isa = PBXGroup;
			children = (
				C98512CE202E14EC00D8AE0B /* TechnoBot.app */,
			);
			name = Products;
			sourceTree = "<group>";
		};
		C98512D0202E14EC00D8AE0B /* TechnoBot */ = {
			isa = PBXGroup;
			children = (
				C903F0C1204C6B5400BD911B /* TBCore */,
				C98512D1202E14EC00D8AE0B /* AppDelegate.swift */,
				C98512D3202E14EC00D8AE0B /* ViewController.swift */,
				C98512D5202E14EC00D8AE0B /* Assets.xcassets */,
				C98512D7202E14EC00D8AE0B /* Main.storyboard */,
				C98512DA202E14EC00D8AE0B /* Info.plist */,
				C98512DB202E14EC00D8AE0B /* TechnoBot.entitlements */,
				C977BB3A208C99FD009EACDD /* Resources */,
			);
			path = TechnoBot;
			sourceTree = "<group>";
		};
		C9CD2515204FDD2B00DA7B6B /* Factories */ = {
			isa = PBXGroup;
			children = (
				C9CD2516204FDD3A00DA7B6B /* TBFactory.swift */,
			);
			path = Factories;
			sourceTree = "<group>";
		};
		C9CD2518204FDDA800DA7B6B /* Instruments */ = {
			isa = PBXGroup;
			children = (
				C9CD2519204FDDB700DA7B6B /* TBFMSynthesiser.swift */,
				C9CD251B204FDDC400DA7B6B /* TBInstrument.swift */,
				C977BB02208A9460009EACDD /* TBSampler.swift */,
			);
			path = Instruments;
			sourceTree = "<group>";
		};
/* End PBXGroup section */

/* Begin PBXNativeTarget section */
		C98512CD202E14EC00D8AE0B /* TechnoBot */ = {
			isa = PBXNativeTarget;
			buildConfigurationList = C98512DE202E14EC00D8AE0B /* Build configuration list for PBXNativeTarget "TechnoBot" */;
			buildPhases = (
				C98512CA202E14EC00D8AE0B /* Sources */,
				C98512CB202E14EC00D8AE0B /* Frameworks */,
				C98512CC202E14EC00D8AE0B /* Resources */,
				C921E07520837AE700EF97E9 /* Embed Frameworks */,
			);
			buildRules = (
			);
			dependencies = (
			);
			name = TechnoBot;
			productName = TechnoBot;
			productReference = C98512CE202E14EC00D8AE0B /* TechnoBot.app */;
			productType = "com.apple.product-type.application";
		};
/* End PBXNativeTarget section */

/* Begin PBXProject section */
		C98512C6202E14EC00D8AE0B /* Project object */ = {
			isa = PBXProject;
			attributes = {
				LastSwiftUpdateCheck = 0920;
				LastUpgradeCheck = 0930;
				ORGANIZATIONNAME = MatthewMansell;
				TargetAttributes = {
					C98512CD202E14EC00D8AE0B = {
						CreatedOnToolsVersion = 9.2;
						ProvisioningStyle = Automatic;
						SystemCapabilities = {
							com.apple.Sandbox = {
								enabled = 0;
							};
						};
					};
				};
			};
			buildConfigurationList = C98512C9202E14EC00D8AE0B /* Build configuration list for PBXProject "TechnoBot" */;
			compatibilityVersion = "Xcode 8.0";
			developmentRegion = en;
			hasScannedForEncodings = 0;
			knownRegions = (
				en,
				Base,
			);
			mainGroup = C98512C5202E14EC00D8AE0B;
			productRefGroup = C98512CF202E14EC00D8AE0B /* Products */;
			projectDirPath = "";
			projectReferences = (
				{
					ProductGroup = C921E0A220837EE600EF97E9 /* Products */;
					ProjectRef = C921E0A120837EE600EF97E9 /* AudioKit For macOS.xcodeproj */;
				},
			);
			projectRoot = "";
			targets = (
				C98512CD202E14EC00D8AE0B /* TechnoBot */,
			);
		};
/* End PBXProject section */

/* Begin PBXReferenceProxy section */
		C921E0A720837EE600EF97E9 /* AudioKit.framework */ = {
			isa = PBXReferenceProxy;
			fileType = wrapper.framework;
			path = AudioKit.framework;
			remoteRef = C921E0A620837EE600EF97E9 /* PBXContainerItemProxy */;
			sourceTree = BUILT_PRODUCTS_DIR;
		};
		C921E0A920837EE600EF97E9 /* AudioKitUI.framework */ = {
			isa = PBXReferenceProxy;
			fileType = wrapper.framework;
			path = AudioKitUI.framework;
			remoteRef = C921E0A820837EE600EF97E9 /* PBXContainerItemProxy */;
			sourceTree = BUILT_PRODUCTS_DIR;
		};
/* End PBXReferenceProxy section */

/* Begin PBXResourcesBuildPhase section */
		C98512CC202E14EC00D8AE0B /* Resources */ = {
			isa = PBXResourcesBuildPhase;
			buildActionMask = 2147483647;
			files = (
				C977BB7F208C99FD009EACDD /* rim_03.wav in Resources */,
				C977BB7D208C99FD009EACDD /* snare_08.wav in Resources */,
				C977BB8B208C99FD009EACDD /* perc_06.wav in Resources */,
				C977BB88208C99FD009EACDD /* kick_03.wav in Resources */,
				C977BB6D208C99FD009EACDD /* hat_06.wav in Resources */,
				C977BB74208C99FD009EACDD /* clap_03.wav in Resources */,
				C977BB80208C99FD009EACDD /* rim_01.wav in Resources */,
				C977BB82208C99FD009EACDD /* kick_07.wav in Resources */,
				C977BB8E208C99FD009EACDD /* perc_01.wav in Resources */,
				C977BB83208C99FD009EACDD /* kick_06.wav in Resources */,
				C977BB76208C99FD009EACDD /* snare_01.wav in Resources */,
				C977BB77208C99FD009EACDD /* snare_03.wav in Resources */,
				C977BB89208C99FD009EACDD /* kick_08.wav in Resources */,
				C977BB78208C99FD009EACDD /* snare_02.wav in Resources */,
				C977BB91208C99FD009EACDD /* perc_08.wav in Resources */,
				C977BB87208C99FD009EACDD /* kick_02.wav in Resources */,
				C977BB7E208C99FD009EACDD /* rim_02.wav in Resources */,
				C98512D6202E14EC00D8AE0B /* Assets.xcassets in Resources */,
				C977BB71208C99FD009EACDD /* hat_08.wav in Resources */,
				C977BB8F208C99FD009EACDD /* perc_02.wav in Resources */,
				C977BB6B208C99FD009EACDD /* hat_03.wav in Resources */,
				C977BB90208C99FD009EACDD /* perc_03.wav in Resources */,
				C977BB79208C99FD009EACDD /* snare_06.wav in Resources */,
				C977BB8A208C99FD009EACDD /* perc_07.wav in Resources */,
				C977BB73208C99FD009EACDD /* clap_02.wav in Resources */,
				C977BB6C208C99FD009EACDD /* hat_02.wav in Resources */,
				C977BB85208C99FD009EACDD /* kick_05.wav in Resources */,
				C977BB8D208C99FD009EACDD /* perc_05.wav in Resources */,
				C98512D9202E14EC00D8AE0B /* Main.storyboard in Resources */,
				C977BB84208C99FD009EACDD /* kick_04.wav in Resources */,
				C977BB6A208C99FD009EACDD /* hat_01.wav in Resources */,
				C977BB72208C99FD009EACDD /* clap_01.wav in Resources */,
				C977BB75208C99FD009EACDD /* clap_04.wav in Resources */,
				C95875CA2090777400A2C09F /* i3-256.png in Resources */,
				C977BB6E208C99FD009EACDD /* hat_07.wav in Resources */,
				C977BB7A208C99FD009EACDD /* snare_07.wav in Resources */,
				C977BB81208C99FD009EACDD /* rim_04.wav in Resources */,
				C977BB7C208C99FD009EACDD /* snare_04.wav in Resources */,
				C977BB7B208C99FD009EACDD /* snare_05.wav in Resources */,
				C977BB6F208C99FD009EACDD /* hat_05.wav in Resources */,
				C977BB8C208C99FD009EACDD /* perc_04.wav in Resources */,
				C977BB86208C99FD009EACDD /* kick_01.wav in Resources */,
				C977BB70208C99FD009EACDD /* hat_04.wav in Resources */,
			);
			runOnlyForDeploymentPostprocessing = 0;
		};
/* End PBXResourcesBuildPhase section */

/* Begin PBXSourcesBuildPhase section */
		C98512CA202E14EC00D8AE0B /* Sources */ = {
			isa = PBXSourcesBuildPhase;
			buildActionMask = 2147483647;
			files = (
				C903F0D2204C6B5400BD911B /* TBReverbModifier.swift in Sources */,
				C903F0DB204C6B5400BD911B /* TBBrain.swift in Sources */,
				C98512D4202E14EC00D8AE0B /* ViewController.swift in Sources */,
				C903F0D4204C6B5400BD911B /* TBAutomator.swift in Sources */,
				C903F0D9204C6B5400BD911B /* TBModifierGroup.swift in Sources */,
				C99A531620A06B2500A1B638 /* TBPhaserModifier.swift in Sources */,
				C9CD2517204FDD3A00DA7B6B /* TBFactory.swift in Sources */,
				C903F0D6204C6B5400BD911B /* TBAudioSystem.swift in Sources */,
				C903F0D1204C6B5400BD911B /* TechnoBot.swift in Sources */,
				C903F0D5204C6B5400BD911B /* TBSequencer.swift in Sources */,
				C9CD251A204FDDB700DA7B6B /* TBFMSynthesiser.swift in Sources */,
				C99A531820A06D4700A1B638 /* TBDelayModifier.swift in Sources */,
				C903F0D8204C6B5400BD911B /* TBAudioUnit.swift in Sources */,
				C977BB03208A9460009EACDD /* TBSampler.swift in Sources */,
				C903F0D7204C6B5400BD911B /* TBAudioModifier.swift in Sources */,
				C903F0D3204C6B5400BD911B /* TBDistortionModifier.swift in Sources */,
				C95875CC2098E7B400A2C09F /* TBSection.swift in Sources */,
				C9CD251C204FDDC400DA7B6B /* TBInstrument.swift in Sources */,
				C98512D2202E14EC00D8AE0B /* AppDelegate.swift in Sources */,
			);
			runOnlyForDeploymentPostprocessing = 0;
		};
/* End PBXSourcesBuildPhase section */

/* Begin PBXVariantGroup section */
		C98512D7202E14EC00D8AE0B /* Main.storyboard */ = {
			isa = PBXVariantGroup;
			children = (
				C98512D8202E14EC00D8AE0B /* Base */,
			);
			name = Main.storyboard;
			sourceTree = "<group>";
		};
/* End PBXVariantGroup section */

/* Begin XCBuildConfiguration section */
		C98512DC202E14EC00D8AE0B /* Debug */ = {
			isa = XCBuildConfiguration;
			buildSettings = {
				ALWAYS_SEARCH_USER_PATHS = NO;
				CLANG_ANALYZER_NONNULL = YES;
				CLANG_ANALYZER_NUMBER_OBJECT_CONVERSION = YES_AGGRESSIVE;
				CLANG_CXX_LANGUAGE_STANDARD = "gnu++14";
				CLANG_CXX_LIBRARY = "libc++";
				CLANG_ENABLE_MODULES = YES;
				CLANG_ENABLE_OBJC_ARC = YES;
				CLANG_WARN_BLOCK_CAPTURE_AUTORELEASING = YES;
				CLANG_WARN_BOOL_CONVERSION = YES;
				CLANG_WARN_COMMA = YES;
				CLANG_WARN_CONSTANT_CONVERSION = YES;
				CLANG_WARN_DEPRECATED_OBJC_IMPLEMENTATIONS = YES;
				CLANG_WARN_DIRECT_OBJC_ISA_USAGE = YES_ERROR;
				CLANG_WARN_DOCUMENTATION_COMMENTS = YES;
				CLANG_WARN_EMPTY_BODY = YES;
				CLANG_WARN_ENUM_CONVERSION = YES;
				CLANG_WARN_INFINITE_RECURSION = YES;
				CLANG_WARN_INT_CONVERSION = YES;
				CLANG_WARN_NON_LITERAL_NULL_CONVERSION = YES;
				CLANG_WARN_OBJC_IMPLICIT_RETAIN_SELF = YES;
				CLANG_WARN_OBJC_LITERAL_CONVERSION = YES;
				CLANG_WARN_OBJC_ROOT_CLASS = YES_ERROR;
				CLANG_WARN_RANGE_LOOP_ANALYSIS = YES;
				CLANG_WARN_STRICT_PROTOTYPES = YES;
				CLANG_WARN_SUSPICIOUS_MOVE = YES;
				CLANG_WARN_UNGUARDED_AVAILABILITY = YES_AGGRESSIVE;
				CLANG_WARN_UNREACHABLE_CODE = YES;
				CLANG_WARN__DUPLICATE_METHOD_MATCH = YES;
				CODE_SIGN_IDENTITY = "-";
				COPY_PHASE_STRIP = NO;
				DEBUG_INFORMATION_FORMAT = dwarf;
				ENABLE_STRICT_OBJC_MSGSEND = YES;
				ENABLE_TESTABILITY = YES;
				GCC_C_LANGUAGE_STANDARD = gnu11;
				GCC_DYNAMIC_NO_PIC = NO;
				GCC_NO_COMMON_BLOCKS = YES;
				GCC_OPTIMIZATION_LEVEL = 0;
				GCC_PREPROCESSOR_DEFINITIONS = (
					"DEBUG=1",
					"$(inherited)",
				);
				GCC_WARN_64_TO_32_BIT_CONVERSION = YES;
				GCC_WARN_ABOUT_RETURN_TYPE = YES_ERROR;
				GCC_WARN_UNDECLARED_SELECTOR = YES;
				GCC_WARN_UNINITIALIZED_AUTOS = YES_AGGRESSIVE;
				GCC_WARN_UNUSED_FUNCTION = YES;
				GCC_WARN_UNUSED_VARIABLE = YES;
				MACOSX_DEPLOYMENT_TARGET = 10.13;
				MTL_ENABLE_DEBUG_INFO = YES;
				ONLY_ACTIVE_ARCH = YES;
				SDKROOT = macosx;
				SWIFT_ACTIVE_COMPILATION_CONDITIONS = DEBUG;
				SWIFT_OPTIMIZATION_LEVEL = "-Onone";
			};
			name = Debug;
		};
		C98512DD202E14EC00D8AE0B /* Release */ = {
			isa = XCBuildConfiguration;
			buildSettings = {
				ALWAYS_SEARCH_USER_PATHS = NO;
				CLANG_ANALYZER_NONNULL = YES;
				CLANG_ANALYZER_NUMBER_OBJECT_CONVERSION = YES_AGGRESSIVE;
				CLANG_CXX_LANGUAGE_STANDARD = "gnu++14";
				CLANG_CXX_LIBRARY = "libc++";
				CLANG_ENABLE_MODULES = YES;
				CLANG_ENABLE_OBJC_ARC = YES;
				CLANG_WARN_BLOCK_CAPTURE_AUTORELEASING = YES;
				CLANG_WARN_BOOL_CONVERSION = YES;
				CLANG_WARN_COMMA = YES;
				CLANG_WARN_CONSTANT_CONVERSION = YES;
				CLANG_WARN_DEPRECATED_OBJC_IMPLEMENTATIONS = YES;
				CLANG_WARN_DIRECT_OBJC_ISA_USAGE = YES_ERROR;
				CLANG_WARN_DOCUMENTATION_COMMENTS = YES;
				CLANG_WARN_EMPTY_BODY = YES;
				CLANG_WARN_ENUM_CONVERSION = YES;
				CLANG_WARN_INFINITE_RECURSION = YES;
				CLANG_WARN_INT_CONVERSION = YES;
				CLANG_WARN_NON_LITERAL_NULL_CONVERSION = YES;
				CLANG_WARN_OBJC_IMPLICIT_RETAIN_SELF = YES;
				CLANG_WARN_OBJC_LITERAL_CONVERSION = YES;
				CLANG_WARN_OBJC_ROOT_CLASS = YES_ERROR;
				CLANG_WARN_RANGE_LOOP_ANALYSIS = YES;
				CLANG_WARN_STRICT_PROTOTYPES = YES;
				CLANG_WARN_SUSPICIOUS_MOVE = YES;
				CLANG_WARN_UNGUARDED_AVAILABILITY = YES_AGGRESSIVE;
				CLANG_WARN_UNREACHABLE_CODE = YES;
				CLANG_WARN__DUPLICATE_METHOD_MATCH = YES;
				CODE_SIGN_IDENTITY = "-";
				COPY_PHASE_STRIP = NO;
				DEBUG_INFORMATION_FORMAT = "dwarf-with-dsym";
				ENABLE_NS_ASSERTIONS = NO;
				ENABLE_STRICT_OBJC_MSGSEND = YES;
				GCC_C_LANGUAGE_STANDARD = gnu11;
				GCC_NO_COMMON_BLOCKS = YES;
				GCC_WARN_64_TO_32_BIT_CONVERSION = YES;
				GCC_WARN_ABOUT_RETURN_TYPE = YES_ERROR;
				GCC_WARN_UNDECLARED_SELECTOR = YES;
				GCC_WARN_UNINITIALIZED_AUTOS = YES_AGGRESSIVE;
				GCC_WARN_UNUSED_FUNCTION = YES;
				GCC_WARN_UNUSED_VARIABLE = YES;
				MACOSX_DEPLOYMENT_TARGET = 10.13;
				MTL_ENABLE_DEBUG_INFO = NO;
				SDKROOT = macosx;
				SWIFT_OPTIMIZATION_LEVEL = "-Owholemodule";
			};
			name = Release;
		};
		C98512DF202E14EC00D8AE0B /* Debug */ = {
			isa = XCBuildConfiguration;
			buildSettings = {
				ASSETCATALOG_COMPILER_APPICON_NAME = AppIcon;
				CODE_SIGN_IDENTITY = "Mac Developer";
				CODE_SIGN_STYLE = Automatic;
				COMBINE_HIDPI_IMAGES = YES;
				DEVELOPMENT_TEAM = AP33ZHEZ7W;
				ENABLE_TESTABILITY = YES;
				FRAMEWORK_SEARCH_PATHS = (
					"$(inherited)",
					"/Users/matt/Library/Developer/Xcode/DerivedData/TechnoBot-fwbjqdhjxbxvvygajnbhgognrlbo/Build/Products/Debug",
				);
				HEADER_SEARCH_PATHS = "/Users/matt/Library/Developer/Xcode/DerivedData/TechnoBot-fwbjqdhjxbxvvygajnbhgognrlbo/Build/Products/Debug";
				INFOPLIST_FILE = TechnoBot/Info.plist;
				LD_RUNPATH_SEARCH_PATHS = "$(inherited) @executable_path/../Frameworks /Users/matt/Library/Developer/Xcode/DerivedData/TechnoBot-fwbjqdhjxbxvvygajnbhgognrlbo/Build/Products/Debug";
				MACOSX_DEPLOYMENT_TARGET = 10.13;
				OTHER_LDFLAGS = "-lstdc++";
				PRECOMPS_INCLUDE_HEADERS_FROM_BUILT_PRODUCTS_DIR = YES;
				PRODUCT_BUNDLE_IDENTIFIER = com.MMansell.TechnoBot;
				PRODUCT_NAME = "$(TARGET_NAME)";
				PROVISIONING_PROFILE_SPECIFIER = "";
				SWIFT_VERSION = 4.0;
			};
			name = Debug;
		};
		C98512E0202E14EC00D8AE0B /* Release */ = {
			isa = XCBuildConfiguration;
			buildSettings = {
				ASSETCATALOG_COMPILER_APPICON_NAME = AppIcon;
				CODE_SIGN_IDENTITY = "Mac Developer";
				CODE_SIGN_STYLE = Automatic;
				COMBINE_HIDPI_IMAGES = YES;
				DEVELOPMENT_TEAM = AP33ZHEZ7W;
				FRAMEWORK_SEARCH_PATHS = (
					"$(inherited)",
					"/Users/matt/Library/Developer/Xcode/DerivedData/TechnoBot-fwbjqdhjxbxvvygajnbhgognrlbo/Build/Products/Debug",
				);
				HEADER_SEARCH_PATHS = "/Users/matt/Library/Developer/Xcode/DerivedData/TechnoBot-fwbjqdhjxbxvvygajnbhgognrlbo/Build/Products/Debug";
				INFOPLIST_FILE = TechnoBot/Info.plist;
				LD_RUNPATH_SEARCH_PATHS = "$(inherited) @executable_path/../Frameworks /Users/matt/Library/Developer/Xcode/DerivedData/TechnoBot-fwbjqdhjxbxvvygajnbhgognrlbo/Build/Products/Debug";
				MACOSX_DEPLOYMENT_TARGET = 10.13;
				OTHER_LDFLAGS = "-lstdc++";
				PRECOMPS_INCLUDE_HEADERS_FROM_BUILT_PRODUCTS_DIR = YES;
				PRODUCT_BUNDLE_IDENTIFIER = com.MMansell.TechnoBot;
				PRODUCT_NAME = "$(TARGET_NAME)";
				PROVISIONING_PROFILE_SPECIFIER = "";
				SWIFT_VERSION = 4.0;
			};
			name = Release;
		};
/* End XCBuildConfiguration section */

/* Begin XCConfigurationList section */
		C98512C9202E14EC00D8AE0B /* Build configuration list for PBXProject "TechnoBot" */ = {
			isa = XCConfigurationList;
			buildConfigurations = (
				C98512DC202E14EC00D8AE0B /* Debug */,
				C98512DD202E14EC00D8AE0B /* Release */,
			);
			defaultConfigurationIsVisible = 0;
			defaultConfigurationName = Release;
		};
		C98512DE202E14EC00D8AE0B /* Build configuration list for PBXNativeTarget "TechnoBot" */ = {
			isa = XCConfigurationList;
			buildConfigurations = (
				C98512DF202E14EC00D8AE0B /* Debug */,
				C98512E0202E14EC00D8AE0B /* Release */,
			);
			defaultConfigurationIsVisible = 0;
			defaultConfigurationName = Release;
		};
/* End XCConfigurationList section */
	};
	rootObject = C98512C6202E14EC00D8AE0B /* Project object */;
}
